
Microsoft Visual Studio Solution File, Format Version 12.00
# Visual Studio 15
VisualStudioVersion = 15.0.28307.645
MinimumVisualStudioVersion = 10.0.40219.1
Project("{FAE04EC0-301F-11D3-BF4B-00C04F79EFBC}") = "FMFDatabaseFiller", "FMFDatabaseFiller\FMFDatabaseFiller.csproj", "{90AE3F83-DB0F-40D2-B48E-50EBD6630ED6}"
EndProject
Project("{FAE04EC0-301F-11D3-BF4B-00C04F79EFBC}") = "DAL", "DAL\DAL.csproj", "{1E3546BB-4F89-46A4-9EDF-37F40C895998}"
EndProject
Global
	GlobalSection(SolutionConfigurationPlatforms) = preSolution
		Debug|Any CPU = Debug|Any CPU
		Release|Any CPU = Release|Any CPU
	EndGlobalSection
	GlobalSection(ProjectConfigurationPlatforms) = postSolution
		{90AE3F83-DB0F-40D2-B48E-50EBD6630ED6}.Debug|Any CPU.ActiveCfg = Debug|Any CPU
		{90AE3F83-DB0F-40D2-B48E-50EBD6630ED6}.Debug|Any CPU.Build.0 = Debug|Any CPU
		{90AE3F83-DB0F-40D2-B48E-50EBD6630ED6}.Release|Any CPU.ActiveCfg = Release|Any CPU
		{90AE3F83-DB0F-40D2-B48E-50EBD6630ED6}.Release|Any CPU.Build.0 = Release|Any CPU
		{1E3546BB-4F89-46A4-9EDF-37F40C895998}.Debug|Any CPU.ActiveCfg = Debug|Any CPU
		{1E3546BB-4F89-46A4-9EDF-37F40C895998}.Debug|Any CPU.Build.0 = Debug|Any CPU
		{1E3546BB-4F89-46A4-9EDF-37F40C895998}.Release|Any CPU.ActiveCfg = Release|Any CPU
		{1E3546BB-4F89-46A4-9EDF-37F40C895998}.Release|Any CPU.Build.0 = Release|Any CPU
	EndGlobalSection
	GlobalSection(SolutionProperties) = preSolution
		HideSolutionNode = FALSE
	EndGlobalSection
	GlobalSection(ExtensibilityGlobals) = postSolution
		SolutionGuid = {D1DCD416-285C-488C-A24B-6CF9D796E11C}
	EndGlobalSection
EndGlobal
